
Microsoft Visual Studio Solution File, Format Version 12.00
# Visual Studio 14
VisualStudioVersion = 14.0.23107.0
MinimumVisualStudioVersion = 10.0.40219.1
Project("{FAE04EC0-301F-11D3-BF4B-00C04F79EFBC}") = "OpenLawOffice.Web", "OpenLawOffice.Web.csproj", "{F988D48B-DE72-4DA2-BB81-738C94CBB6F0}"
EndProject
Project("{FAE04EC0-301F-11D3-BF4B-00C04F79EFBC}") = "OpenLawOffice.Common", "..\OpenLawOffice.Common\OpenLawOffice.Common.csproj", "{042206B5-2D13-42E0-B1B9-30254952BACA}"
EndProject
Project("{FAE04EC0-301F-11D3-BF4B-00C04F79EFBC}") = "OpenLawOffice.Data", "..\OpenLawOffice.Data\OpenLawOffice.Data.csproj", "{596A8BCB-2716-47BD-82C3-5B52F0082F10}"
EndProject
Project("{FAE04EC0-301F-11D3-BF4B-00C04F79EFBC}") = "OpenLawOffice.Assets", "..\OpenLawOffice.Assets\OpenLawOffice.Assets.csproj", "{03979D6C-D25D-4441-AB09-216E0027B9A8}"
EndProject
Global
	GlobalSection(SolutionConfigurationPlatforms) = preSolution
		Debug|Any CPU = Debug|Any CPU
		Release|Any CPU = Release|Any CPU
	EndGlobalSection
	GlobalSection(ProjectConfigurationPlatforms) = postSolution
		{F988D48B-DE72-4DA2-BB81-738C94CBB6F0}.Debug|Any CPU.ActiveCfg = Debug|Any CPU
		{F988D48B-DE72-4DA2-BB81-738C94CBB6F0}.Debug|Any CPU.Build.0 = Debug|Any CPU
		{F988D48B-DE72-4DA2-BB81-738C94CBB6F0}.Release|Any CPU.ActiveCfg = Release|Any CPU
		{F988D48B-DE72-4DA2-BB81-738C94CBB6F0}.Release|Any CPU.Build.0 = Release|Any CPU
		{042206B5-2D13-42E0-B1B9-30254952BACA}.Debug|Any CPU.ActiveCfg = Debug|Any CPU
		{042206B5-2D13-42E0-B1B9-30254952BACA}.Debug|Any CPU.Build.0 = Debug|Any CPU
		{042206B5-2D13-42E0-B1B9-30254952BACA}.Release|Any CPU.ActiveCfg = Release|Any CPU
		{042206B5-2D13-42E0-B1B9-30254952BACA}.Release|Any CPU.Build.0 = Release|Any CPU
		{596A8BCB-2716-47BD-82C3-5B52F0082F10}.Debug|Any CPU.ActiveCfg = Debug|Any CPU
		{596A8BCB-2716-47BD-82C3-5B52F0082F10}.Debug|Any CPU.Build.0 = Debug|Any CPU
		{596A8BCB-2716-47BD-82C3-5B52F0082F10}.Release|Any CPU.ActiveCfg = Release|Any CPU
		{596A8BCB-2716-47BD-82C3-5B52F0082F10}.Release|Any CPU.Build.0 = Release|Any CPU
		{03979D6C-D25D-4441-AB09-216E0027B9A8}.Debug|Any CPU.ActiveCfg = Debug|Any CPU
		{03979D6C-D25D-4441-AB09-216E0027B9A8}.Debug|Any CPU.Build.0 = Debug|Any CPU
		{03979D6C-D25D-4441-AB09-216E0027B9A8}.Release|Any CPU.ActiveCfg = Release|Any CPU
		{03979D6C-D25D-4441-AB09-216E0027B9A8}.Release|Any CPU.Build.0 = Release|Any CPU
	EndGlobalSection
	GlobalSection(SolutionProperties) = preSolution
		HideSolutionNode = FALSE
	EndGlobalSection
EndGlobal
